
Microsoft Visual Studio Solution File, Format Version 12.00
# Visual Studio Version 17
VisualStudioVersion = 17.7.34221.43
MinimumVisualStudioVersion = 10.0.40219.1
Project("{FAE04EC0-301F-11D3-BF4B-00C04F79EFBC}") = "Task13_1", "Task13_1\Task13_1.csproj", "{F385532E-3B12-40CB-8B88-8B7F94C15332}"
EndProject
Global
	GlobalSection(SolutionConfigurationPlatforms) = preSolution
		Debug|Any CPU = Debug|Any CPU
		Release|Any CPU = Release|Any CPU
	EndGlobalSection
	GlobalSection(ProjectConfigurationPlatforms) = postSolution
		{F385532E-3B12-40CB-8B88-8B7F94C15332}.Debug|Any CPU.ActiveCfg = Debug|Any CPU
		{F385532E-3B12-40CB-8B88-8B7F94C15332}.Debug|Any CPU.Build.0 = Debug|Any CPU
		{F385532E-3B12-40CB-8B88-8B7F94C15332}.Release|Any CPU.ActiveCfg = Release|Any CPU
		{F385532E-3B12-40CB-8B88-8B7F94C15332}.Release|Any CPU.Build.0 = Release|Any CPU
	EndGlobalSection
	GlobalSection(SolutionProperties) = preSolution
		HideSolutionNode = FALSE
	EndGlobalSection
	GlobalSection(ExtensibilityGlobals) = postSolution
		SolutionGuid = {C0AF59C0-532E-403E-8E7E-7E573EFE3A76}
	EndGlobalSection
EndGlobal
